# This file is automatically @generated by Cargo.
# It is not intended for manual editing.
version = 4

[[package]]
name = "bitflags"
version = "2.11.1"
source = "registry+https://github.com/rust-lang/crates.io-index"
checksum = "c4512299f36f043ab09a583e57bceb5a5aab7a73db1805848e8fef3c9e8c78b3"

[[package]]
name = "byteorder"
version = "1.5.0"
source = "registry+https://github.com/rust-lang/crates.io-index"
checksum = "1fd0f2584146f6f2ef48085050886acf353beff7305ebd1ae69500e27c67f64b"

[[package]]
name = "cfg-if"
version = "1.0.4"
source = "registry+https://github.com/rust-lang/crates.io-index"
checksum = "9330f8b2ff13f34540b44e946ef35111825727b38d33286ef986142615121801"

[[package]]
name = "crc"
version = "3.4.0"
source = "registry+https://github.com/rust-lang/crates.io-index"
checksum = "5eb8a2a1cd12ab0d987a5d5e825195d372001a4094a0376319d5a0ad71c1ba0d"
dependencies = [
 "crc-catalog",
]

[[package]]
name = "crc-catalog"
version = "2.4.0"
source = "registry+https://github.com/rust-lang/crates.io-index"
checksum = "19d374276b40fb8bbdee95aef7c7fa6b5316ec764510eb64b8dd0e2ed0d7e7f5"

[[package]]
name = "filetime"
version = "0.2.27"
source = "registry+https://github.com/rust-lang/crates.io-index"
checksum = "f98844151eee8917efc50bd9e8318cb963ae8b297431495d3f758616ea5c57db"
dependencies = [
 "cfg-if",
 "libc",
 "libredox",
]

[[package]]
name = "init-wrapper"
version = "0.1.0"
dependencies = [
 "libc",
 "lzma-rs",
 "tar",
]

[[package]]
name = "libc"
version = "0.2.183"
source = "registry+https://github.com/rust-lang/crates.io-index"
checksum = "b5b646652bf6661599e1da8901b3b9522896f01e736bad5f723fe7a3a27f899d"

[[package]]
name = "libredox"
version = "0.1.16"
source = "registry+https://github.com/rust-lang/crates.io-index"
checksum = "e02f3bb43d335493c96bf3fd3a321600bf6bd07ed34bc64118e9293bdffea46c"
dependencies = [
 "bitflags",
 "libc",
 "plain",
 "redox_syscall",
]

[[package]]
name = "lzma-rs"
version = "0.3.0"
source = "registry+https://github.com/rust-lang/crates.io-index"
checksum = "297e814c836ae64db86b36cf2a557ba54368d03f6afcd7d947c266692f71115e"
dependencies = [
 "byteorder",
 "crc",
]

[[package]]
name = "plain"
version = "0.2.3"
source = "registry+https://github.com/rust-lang/crates.io-index"
checksum = "b4596b6d070b27117e987119b4dac604f3c58cfb0b191112e24771b2faeac1a6"

[[package]]
name = "redox_syscall"
version = "0.7.4"
source = "registry+https://github.com/rust-lang/crates.io-index"
checksum = "f450ad9c3b1da563fb6948a8e0fb0fb9269711c9c73d9ea1de5058c79c8d643a"
dependencies = [
 "bitflags",
]

[[package]]
name = "tar"
version = "0.4.45"
source = "registry+https://github.com/rust-lang/crates.io-index"
checksum = "22692a6476a21fa75fdfc11d452fda482af402c008cdbaf3476414e122040973"
dependencies = [
 "filetime",
 "libc",
]
